
Microsoft Visual Studio Solution File, Format Version 12.00
# Visual Studio Express 2013 for Windows Desktop
VisualStudioVersion = 12.0.21005.1
MinimumVisualStudioVersion = 10.0.40219.1
Project("{8BC9CEB8-8B4A-11D0-8D11-00A0C91BC942}") = "CameraMod", "CameraMod\CameraMod.vcxproj", "{69E5BAA6-33CA-469F-9AE4-1AB3F424BEBA}"
EndProject
Project("{8BC9CEB8-8B4A-11D0-8D11-00A0C91BC942}") = "CameraModInjector", "CameraModInjector\CameraModInjector.vcxproj", "{6504FB12-AFC5-40BF-8BBC-9623F8A6A807}"
EndProject
Global
	GlobalSection(SolutionConfigurationPlatforms) = preSolution
		Debug|Win32 = Debug|Win32
		Release|Win32 = Release|Win32
	EndGlobalSection
	GlobalSection(ProjectConfigurationPlatforms) = postSolution
		{69E5BAA6-33CA-469F-9AE4-1AB3F424BEBA}.Debug|Win32.ActiveCfg = Debug|Win32
		{69E5BAA6-33CA-469F-9AE4-1AB3F424BEBA}.Debug|Win32.Build.0 = Debug|Win32
		{69E5BAA6-33CA-469F-9AE4-1AB3F424BEBA}.Release|Win32.ActiveCfg = Release|Win32
		{69E5BAA6-33CA-469F-9AE4-1AB3F424BEBA}.Release|Win32.Build.0 = Release|Win32
		{6504FB12-AFC5-40BF-8BBC-9623F8A6A807}.Debug|Win32.ActiveCfg = Debug|Win32
		{6504FB12-AFC5-40BF-8BBC-9623F8A6A807}.Debug|Win32.Build.0 = Debug|Win32
		{6504FB12-AFC5-40BF-8BBC-9623F8A6A807}.Release|Win32.ActiveCfg = Release|Win32
		{6504FB12-AFC5-40BF-8BBC-9623F8A6A807}.Release|Win32.Build.0 = Release|Win32
	EndGlobalSection
	GlobalSection(SolutionProperties) = preSolution
		HideSolutionNode = FALSE
	EndGlobalSection
EndGlobal
